lockfileVersion: '9.0'

settings:
  autoInstallPeers: true
  excludeLinksFromLockfile: false

importers:

  .:
    dependencies:
      datastructures-js:
        specifier: ^13.0.0
        version: 13.0.0

packages:

  '@datastructures-js/binary-search-tree@5.4.0':
    resolution: {integrity: sha512-dPmPRRgAEvfC1+xq9voBJcIanbXZbaOR1908R6RfhceXignnlCL1wX7LToPVHSKVCb+bGa+tAbK22cit0BLWDA==}

  '@datastructures-js/deque@1.0.8':
    resolution: {integrity: sha512-PSBhJ2/SmeRPRHuBv7i/fHWIdSC3JTyq56qb+Rq0wjOagi0/fdV5/B/3Md5zFZus/W6OkSPMaxMKKMNMrSmubg==}

  '@datastructures-js/graph@5.3.1':
    resolution: {integrity: sha512-tFuysPL+PKxaLitXcHeWZOwOwmSIaa5OzBh4CNSwYYnAVZRxItl50LiX432+AMo+WZLYpDEhTyXtLVlt3qtc9w==}

  '@datastructures-js/heap@4.3.7':
    resolution: {integrity: sha512-Dx4un7Uj0dVxkfoq4RkpzsY2OrvNJgQYZ3n3UlGdl88RxxdHd7oTi21/l3zoxUUe0sXFuNUrfmWqlHzqnoN6Ug==}

  '@datastructures-js/linked-list@6.1.4':
    resolution: {integrity: sha512-lwM6KDBPgV9xxJMzozCqZzdofzc0fx8FPjNfrWDf8+u8Fm7zcjksvXrv6Z9dA2Kg40HZIUKqLPaQriqLhhAisg==}

  '@datastructures-js/priority-queue@6.3.5':
    resolution: {integrity: sha512-NmdmvLnkUyG67W6Iy8tP+865ILq5VDyZh90c8lHMOkYYydUNzOV0QNPCRAuj4AoHSm/V2DeuYvDKnvALaCwLvA==}

  '@datastructures-js/queue@3.1.4':
    resolution: {integrity: sha512-8QqkdAJQDDd25OBX28lKj7HXD+Cxs6Ee0ogJkZUjD5R1fAvRAWsrCeKop0szqANYjMwdQQd75vyc3Cm8qNJH+Q==}

  '@datastructures-js/queue@4.3.0':
    resolution: {integrity: sha512-2RYt1+N4dtdcilwmB+A6j9HT/5MImHSK2UUjBA8WQAHoA2AEJC4YxJSSGhGTOBMyLMKpMiowwTrnB315YgtTrA==}

  '@datastructures-js/set@4.2.2':
    resolution: {integrity: sha512-6TilB1kZV3elcT3PiXnzBzjgf+HqcfcbyPjL3q7fubIpaKwFF1qSjJjzXdE7s8utA6ptyQrhQiU6knhVPcDZMA==}

  '@datastructures-js/stack@3.1.6':
    resolution: {integrity: sha512-HtArTBadxEK8j/whIuXanzoCj9VPz7BXJOn5n4ktr7K+DtGryrCLERZczbN35WujqEwIjIdVTTbxGoma1qGDuQ==}

  '@datastructures-js/trie@4.2.3':
    resolution: {integrity: sha512-4Iu2okR18BE3d/KQBKnpGZ+98cv/EwYl7wSwOU4yICxjSJfjUJixugBjh3kPhHe9Qf652qVDN/Ugp2dj4ak68w==}

  datastructures-js@13.0.0:
    resolution: {integrity: sha512-3KLehk8sGWS2IuncLv0/Wxl1a1VtvQagLDtGNBw3SNbi7893PPxWT8dac+cuHA/N4V25BQL6pHF7IVjdaZFB3Q==}

snapshots:

  '@datastructures-js/binary-search-tree@5.4.0': {}

  '@datastructures-js/deque@1.0.8': {}

  '@datastructures-js/graph@5.3.1':
    dependencies:
      '@datastructures-js/queue': 3.1.4

  '@datastructures-js/heap@4.3.7': {}

  '@datastructures-js/linked-list@6.1.4': {}

  '@datastructures-js/priority-queue@6.3.5':
    dependencies:
      '@datastructures-js/heap': 4.3.7

  '@datastructures-js/queue@3.1.4': {}

  '@datastructures-js/queue@4.3.0': {}

  '@datastructures-js/set@4.2.2': {}

  '@datastructures-js/stack@3.1.6': {}

  '@datastructures-js/trie@4.2.3': {}

  datastructures-js@13.0.0:
    dependencies:
      '@datastructures-js/binary-search-tree': 5.4.0
      '@datastructures-js/deque': 1.0.8
      '@datastructures-js/graph': 5.3.1
      '@datastructures-js/heap': 4.3.7
      '@datastructures-js/linked-list': 6.1.4
      '@datastructures-js/priority-queue': 6.3.5
      '@datastructures-js/queue': 4.3.0
      '@datastructures-js/set': 4.2.2
      '@datastructures-js/stack': 3.1.6
      '@datastructures-js/trie': 4.2.3
